// !$*UTF8*$!
{
	archiveVersion = 1;
	classes = {
	};
	objectVersion = 56;
	objects = {

/* Begin PBXBuildFile section */
		1A55D64B2A0C3D460064643C /* AppDelegate.swift in Sources */ = {isa = PBXBuildFile; fileRef = 1A55D64A2A0C3D460064643C /* AppDelegate.swift */; };
		1A55D64D2A0C3D460064643C /* SceneDelegate.swift in Sources */ = {isa = PBXBuildFile; fileRef = 1A55D64C2A0C3D460064643C /* SceneDelegate.swift */; };
		1A55D6542A0C3D470064643C /* Assets.xcassets in Resources */ = {isa = PBXBuildFile; fileRef = 1A55D6532A0C3D470064643C /* Assets.xcassets */; };
		1A55D6572A0C3D470064643C /* LaunchScreen.storyboard in Resources */ = {isa = PBXBuildFile; fileRef = 1A55D6552A0C3D470064643C /* LaunchScreen.storyboard */; };
		1A55D65F2A0C3E9D0064643C /* HabitsStore.swift in Sources */ = {isa = PBXBuildFile; fileRef = 1A55D65E2A0C3E9D0064643C /* HabitsStore.swift */; };
		1A55D6632A0C3EE00064643C /* InfoViewController.swift in Sources */ = {isa = PBXBuildFile; fileRef = 1A55D6622A0C3EE00064643C /* InfoViewController.swift */; };
		1A55D6662A0D83190064643C /* HabitViewController.swift in Sources */ = {isa = PBXBuildFile; fileRef = 1A55D6652A0D83190064643C /* HabitViewController.swift */; };
		1A55D6682A0E3C1A0064643C /* HabitsViewController.swift in Sources */ = {isa = PBXBuildFile; fileRef = 1A55D6672A0E3C190064643C /* HabitsViewController.swift */; };
		1A55D66A2A0E3D590064643C /* HabitCollectionViewCell.swift in Sources */ = {isa = PBXBuildFile; fileRef = 1A55D6692A0E3D590064643C /* HabitCollectionViewCell.swift */; };
		1A55D66D2A0E3E160064643C /* Extension VC.swift in Sources */ = {isa = PBXBuildFile; fileRef = 1A55D66C2A0E3E160064643C /* Extension VC.swift */; };
		1A55D66F2A0E40A00064643C /* ProgressCollectionViewCell.swift in Sources */ = {isa = PBXBuildFile; fileRef = 1A55D66E2A0E40A00064643C /* ProgressCollectionViewCell.swift */; };
/* End PBXBuildFile section */

/* Begin PBXFileReference section */
		1A55D6472A0C3D460064643C /* MyHabits.app */ = {isa = PBXFileReference; explicitFileType = wrapper.application; includeInIndex = 0; path = MyHabits.app; sourceTree = BUILT_PRODUCTS_DIR; };
		1A55D64A2A0C3D460064643C /* AppDelegate.swift */ = {isa = PBXFileReference; lastKnownFileType = sourcecode.swift; path = AppDelegate.swift; sourceTree = "<group>"; };
		1A55D64C2A0C3D460064643C /* SceneDelegate.swift */ = {isa = PBXFileReference; lastKnownFileType = sourcecode.swift; path = SceneDelegate.swift; sourceTree = "<group>"; };
		1A55D6532A0C3D470064643C /* Assets.xcassets */ = {isa = PBXFileReference; lastKnownFileType = folder.assetcatalog; path = Assets.xcassets; sourceTree = "<group>"; };
		1A55D6562A0C3D470064643C /* Base */ = {isa = PBXFileReference; lastKnownFileType = file.storyboard; name = Base; path = Base.lproj/LaunchScreen.storyboard; sourceTree = "<group>"; };
		1A55D6582A0C3D470064643C /* Info.plist */ = {isa = PBXFileReference; lastKnownFileType = text.plist.xml; path = Info.plist; sourceTree = "<group>"; };
		1A55D65E2A0C3E9D0064643C /* HabitsStore.swift */ = {isa = PBXFileReference; fileEncoding = 4; lastKnownFileType = sourcecode.swift; path = HabitsStore.swift; sourceTree = "<group>"; };
		1A55D6622A0C3EE00064643C /* InfoViewController.swift */ = {isa = PBXFileReference; lastKnownFileType = sourcecode.swift; path = InfoViewController.swift; sourceTree = "<group>"; };
		1A55D6652A0D83190064643C /* HabitViewController.swift */ = {isa = PBXFileReference; lastKnownFileType = sourcecode.swift; path = HabitViewController.swift; sourceTree = "<group>"; };
		1A55D6672A0E3C190064643C /* HabitsViewController.swift */ = {isa = PBXFileReference; lastKnownFileType = sourcecode.swift; path = HabitsViewController.swift; sourceTree = "<group>"; };
		1A55D6692A0E3D590064643C /* HabitCollectionViewCell.swift */ = {isa = PBXFileReference; lastKnownFileType = sourcecode.swift; path = HabitCollectionViewCell.swift; sourceTree = "<group>"; };
		1A55D66C2A0E3E160064643C /* Extension VC.swift */ = {isa = PBXFileReference; lastKnownFileType = sourcecode.swift; path = "Extension VC.swift"; sourceTree = "<group>"; };
		1A55D66E2A0E40A00064643C /* ProgressCollectionViewCell.swift */ = {isa = PBXFileReference; lastKnownFileType = sourcecode.swift; path = ProgressCollectionViewCell.swift; sourceTree = "<group>"; };
/* End PBXFileReference section */

/* Begin PBXFrameworksBuildPhase section */
		1A55D6442A0C3D460064643C /* Frameworks */ = {
			isa = PBXFrameworksBuildPhase;
			buildActionMask = 2147483647;
			files = (
			);
			runOnlyForDeploymentPostprocessing = 0;
		};
/* End PBXFrameworksBuildPhase section */

/* Begin PBXGroup section */
		1A55D63E2A0C3D460064643C = {
			isa = PBXGroup;
			children = (
				1A55D6492A0C3D460064643C /* MyHabits */,
				1A55D6482A0C3D460064643C /* Products */,
			);
			sourceTree = "<group>";
		};
		1A55D6482A0C3D460064643C /* Products */ = {
			isa = PBXGroup;
			children = (
				1A55D6472A0C3D460064643C /* MyHabits.app */,
			);
			name = Products;
			sourceTree = "<group>";
		};
		1A55D6492A0C3D460064643C /* MyHabits */ = {
			isa = PBXGroup;
			children = (
				1A55D6702A0EEDFA0064643C /* Model */,
				1A55D6712A0EEE4A0064643C /* Views */,
				1A55D6642A0C3EE60064643C /* VC */,
				1A55D64C2A0C3D460064643C /* SceneDelegate.swift */,
				1A55D64A2A0C3D460064643C /* AppDelegate.swift */,
				1A55D6532A0C3D470064643C /* Assets.xcassets */,
				1A55D6552A0C3D470064643C /* LaunchScreen.storyboard */,
				1A55D6582A0C3D470064643C /* Info.plist */,
				1A55D66C2A0E3E160064643C /* Extension VC.swift */,
			);
			path = MyHabits;
			sourceTree = "<group>";
		};
		1A55D6642A0C3EE60064643C /* VC */ = {
			isa = PBXGroup;
			children = (
				1A55D6672A0E3C190064643C /* HabitsViewController.swift */,
				1A55D6652A0D83190064643C /* HabitViewController.swift */,
				1A55D6622A0C3EE00064643C /* InfoViewController.swift */,
			);
			path = VC;
			sourceTree = "<group>";
		};
		1A55D6702A0EEDFA0064643C /* Model */ = {
			isa = PBXGroup;
			children = (
				1A55D65E2A0C3E9D0064643C /* HabitsStore.swift */,
			);
			path = Model;
			sourceTree = "<group>";
		};
		1A55D6712A0EEE4A0064643C /* Views */ = {
			isa = PBXGroup;
			children = (
				1A55D6692A0E3D590064643C /* HabitCollectionViewCell.swift */,
				1A55D66E2A0E40A00064643C /* ProgressCollectionViewCell.swift */,
			);
			path = Views;
			sourceTree = "<group>";
		};
/* End PBXGroup section */

/* Begin PBXNativeTarget section */
		1A55D6462A0C3D460064643C /* MyHabits */ = {
			isa = PBXNativeTarget;
			buildConfigurationList = 1A55D65B2A0C3D470064643C /* Build configuration list for PBXNativeTarget "MyHabits" */;
			buildPhases = (
				1A55D6432A0C3D460064643C /* Sources */,
				1A55D6442A0C3D460064643C /* Frameworks */,
				1A55D6452A0C3D460064643C /* Resources */,
			);
			buildRules = (
			);
			dependencies = (
			);
			name = MyHabits;
			productName = MyHabits;
			productReference = 1A55D6472A0C3D460064643C /* MyHabits.app */;
			productType = "com.apple.product-type.application";
		};
/* End PBXNativeTarget section */

/* Begin PBXProject section */
		1A55D63F2A0C3D460064643C /* Project object */ = {
			isa = PBXProject;
			attributes = {
				BuildIndependentTargetsInParallel = 1;
				LastSwiftUpdateCheck = 1430;
				LastUpgradeCheck = 1430;
				TargetAttributes = {
					1A55D6462A0C3D460064643C = {
						CreatedOnToolsVersion = 14.3;
					};
				};
			};
			buildConfigurationList = 1A55D6422A0C3D460064643C /* Build configuration list for PBXProject "MyHabits" */;
			compatibilityVersion = "Xcode 14.0";
			developmentRegion = en;
			hasScannedForEncodings = 0;
			knownRegions = (
				en,
				Base,
			);
			mainGroup = 1A55D63E2A0C3D460064643C;
			productRefGroup = 1A55D6482A0C3D460064643C /* Products */;
			projectDirPath = "";
			projectRoot = "";
			targets = (
				1A55D6462A0C3D460064643C /* MyHabits */,
			);
		};
/* End PBXProject section */

/* Begin PBXResourcesBuildPhase section */
		1A55D6452A0C3D460064643C /* Resources */ = {
			isa = PBXResourcesBuildPhase;
			buildActionMask = 2147483647;
			files = (
				1A55D6572A0C3D470064643C /* LaunchScreen.storyboard in Resources */,
				1A55D6542A0C3D470064643C /* Assets.xcassets in Resources */,
			);
			runOnlyForDeploymentPostprocessing = 0;
		};
/* End PBXResourcesBuildPhase section */

/* Begin PBXSourcesBuildPhase section */
		1A55D6432A0C3D460064643C /* Sources */ = {
			isa = PBXSourcesBuildPhase;
			buildActionMask = 2147483647;
			files = (
				1A55D65F2A0C3E9D0064643C /* HabitsStore.swift in Sources */,
				1A55D6662A0D83190064643C /* HabitViewController.swift in Sources */,
				1A55D66A2A0E3D590064643C /* HabitCollectionViewCell.swift in Sources */,
				1A55D64B2A0C3D460064643C /* AppDelegate.swift in Sources */,
				1A55D66F2A0E40A00064643C /* ProgressCollectionViewCell.swift in Sources */,
				1A55D66D2A0E3E160064643C /* Extension VC.swift in Sources */,
				1A55D6632A0C3EE00064643C /* InfoViewController.swift in Sources */,
				1A55D64D2A0C3D460064643C /* SceneDelegate.swift in Sources */,
				1A55D6682A0E3C1A0064643C /* HabitsViewController.swift in Sources */,
			);
			runOnlyForDeploymentPostprocessing = 0;
		};
/* End PBXSourcesBuildPhase section */

/* Begin PBXVariantGroup section */
		1A55D6552A0C3D470064643C /* LaunchScreen.storyboard */ = {
			isa = PBXVariantGroup;
			children = (
				1A55D6562A0C3D470064643C /* Base */,
			);
			name = LaunchScreen.storyboard;
			sourceTree = "<group>";
		};
/* End PBXVariantGroup section */

/* Begin XCBuildConfiguration section */
		1A55D6592A0C3D470064643C /* Debug */ = {
			isa = XCBuildConfiguration;
			buildSettings = {
				ALWAYS_SEARCH_USER_PATHS = NO;
				CLANG_ANALYZER_NONNULL = YES;
				CLANG_ANALYZER_NUMBER_OBJECT_CONVERSION = YES_AGGRESSIVE;
				CLANG_CXX_LANGUAGE_STANDARD = "gnu++20";
				CLANG_ENABLE_MODULES = YES;
				CLANG_ENABLE_OBJC_ARC = YES;
				CLANG_ENABLE_OBJC_WEAK = YES;
				CLANG_WARN_BLOCK_CAPTURE_AUTORELEASING = YES;
				CLANG_WARN_BOOL_CONVERSION = YES;
				CLANG_WARN_COMMA = YES;
				CLANG_WARN_CONSTANT_CONVERSION = YES;
				CLANG_WARN_DEPRECATED_OBJC_IMPLEMENTATIONS = YES;
				CLANG_WARN_DIRECT_OBJC_ISA_USAGE = YES_ERROR;
				CLANG_WARN_DOCUMENTATION_COMMENTS = YES;
				CLANG_WARN_EMPTY_BODY = YES;
				CLANG_WARN_ENUM_CONVERSION = YES;
				CLANG_WARN_INFINITE_RECURSION = YES;
				CLANG_WARN_INT_CONVERSION = YES;
				CLANG_WARN_NON_LITERAL_NULL_CONVERSION = YES;
				CLANG_WARN_OBJC_IMPLICIT_RETAIN_SELF = YES;
				CLANG_WARN_OBJC_LITERAL_CONVERSION = YES;
				CLANG_WARN_OBJC_ROOT_CLASS = YES_ERROR;
				CLANG_WARN_QUOTED_INCLUDE_IN_FRAMEWORK_HEADER = YES;
				CLANG_WARN_RANGE_LOOP_ANALYSIS = YES;
				CLANG_WARN_STRICT_PROTOTYPES = YES;
				CLANG_WARN_SUSPICIOUS_MOVE = YES;
				CLANG_WARN_UNGUARDED_AVAILABILITY = YES_AGGRESSIVE;
				CLANG_WARN_UNREACHABLE_CODE = YES;
				CLANG_WARN__DUPLICATE_METHOD_MATCH = YES;
				COPY_PHASE_STRIP = NO;
				DEBUG_INFORMATION_FORMAT = dwarf;
				ENABLE_STRICT_OBJC_MSGSEND = YES;
				ENABLE_TESTABILITY = YES;
				GCC_C_LANGUAGE_STANDARD = gnu11;
				GCC_DYNAMIC_NO_PIC = NO;
				GCC_NO_COMMON_BLOCKS = YES;
				GCC_OPTIMIZATION_LEVEL = 0;
				GCC_PREPROCESSOR_DEFINITIONS = (
					"DEBUG=1",
					"$(inherited)",
				);
				GCC_WARN_64_TO_32_BIT_CONVERSION = YES;
				GCC_WARN_ABOUT_RETURN_TYPE = YES_ERROR;
				GCC_WARN_UNDECLARED_SELECTOR = YES;
				GCC_WARN_UNINITIALIZED_AUTOS = YES_AGGRESSIVE;
				GCC_WARN_UNUSED_FUNCTION = YES;
				GCC_WARN_UNUSED_VARIABLE = YES;
				IPHONEOS_DEPLOYMENT_TARGET = 16.4;
				MTL_ENABLE_DEBUG_INFO = INCLUDE_SOURCE;
				MTL_FAST_MATH = YES;
				ONLY_ACTIVE_ARCH = YES;
				SDKROOT = iphoneos;
				SWIFT_ACTIVE_COMPILATION_CONDITIONS = DEBUG;
				SWIFT_OPTIMIZATION_LEVEL = "-Onone";
			};
			name = Debug;
		};
		1A55D65A2A0C3D470064643C /* Release */ = {
			isa = XCBuildConfiguration;
			buildSettings = {
				ALWAYS_SEARCH_USER_PATHS = NO;
				CLANG_ANALYZER_NONNULL = YES;
				CLANG_ANALYZER_NUMBER_OBJECT_CONVERSION = YES_AGGRESSIVE;
				CLANG_CXX_LANGUAGE_STANDARD = "gnu++20";
				CLANG_ENABLE_MODULES = YES;
				CLANG_ENABLE_OBJC_ARC = YES;
				CLANG_ENABLE_OBJC_WEAK = YES;
				CLANG_WARN_BLOCK_CAPTURE_AUTORELEASING = YES;
				CLANG_WARN_BOOL_CONVERSION = YES;
				CLANG_WARN_COMMA = YES;
				CLANG_WARN_CONSTANT_CONVERSION = YES;
				CLANG_WARN_DEPRECATED_OBJC_IMPLEMENTATIONS = YES;
				CLANG_WARN_DIRECT_OBJC_ISA_USAGE = YES_ERROR;
				CLANG_WARN_DOCUMENTATION_COMMENTS = YES;
				CLANG_WARN_EMPTY_BODY = YES;
				CLANG_WARN_ENUM_CONVERSION = YES;
				CLANG_WARN_INFINITE_RECURSION = YES;
				CLANG_WARN_INT_CONVERSION = YES;
				CLANG_WARN_NON_LITERAL_NULL_CONVERSION = YES;
				CLANG_WARN_OBJC_IMPLICIT_RETAIN_SELF = YES;
				CLANG_WARN_OBJC_LITERAL_CONVERSION = YES;
				CLANG_WARN_OBJC_ROOT_CLASS = YES_ERROR;
				CLANG_WARN_QUOTED_INCLUDE_IN_FRAMEWORK_HEADER = YES;
				CLANG_WARN_RANGE_LOOP_ANALYSIS = YES;
				CLANG_WARN_STRICT_PROTOTYPES = YES;
				CLANG_WARN_SUSPICIOUS_MOVE = YES;
				CLANG_WARN_UNGUARDED_AVAILABILITY = YES_AGGRESSIVE;
				CLANG_WARN_UNREACHABLE_CODE = YES;
				CLANG_WARN__DUPLICATE_METHOD_MATCH = YES;
				COPY_PHASE_STRIP = NO;
				DEBUG_INFORMATION_FORMAT = "dwarf-with-dsym";
				ENABLE_NS_ASSERTIONS = NO;
				ENABLE_STRICT_OBJC_MSGSEND = YES;
				GCC_C_LANGUAGE_STANDARD = gnu11;
				GCC_NO_COMMON_BLOCKS = YES;
				GCC_WARN_64_TO_32_BIT_CONVERSION = YES;
				GCC_WARN_ABOUT_RETURN_TYPE = YES_ERROR;
				GCC_WARN_UNDECLARED_SELECTOR = YES;
				GCC_WARN_UNINITIALIZED_AUTOS = YES_AGGRESSIVE;
				GCC_WARN_UNUSED_FUNCTION = YES;
				GCC_WARN_UNUSED_VARIABLE = YES;
				IPHONEOS_DEPLOYMENT_TARGET = 16.4;
				MTL_ENABLE_DEBUG_INFO = NO;
				MTL_FAST_MATH = YES;
				SDKROOT = iphoneos;
				SWIFT_COMPILATION_MODE = wholemodule;
				SWIFT_OPTIMIZATION_LEVEL = "-O";
				VALIDATE_PRODUCT = YES;
			};
			name = Release;
		};
		1A55D65C2A0C3D470064643C /* Debug */ = {
			isa = XCBuildConfiguration;
			buildSettings = {
				ASSETCATALOG_COMPILER_APPICON_NAME = AppIcon;
				ASSETCATALOG_COMPILER_GLOBAL_ACCENT_COLOR_NAME = AccentColor;
				CODE_SIGN_STYLE = Automatic;
				CURRENT_PROJECT_VERSION = 1;
				DEVELOPMENT_TEAM = WTYW4Q83YA;
				GENERATE_INFOPLIST_FILE = YES;
				INFOPLIST_FILE = MyHabits/Info.plist;
				INFOPLIST_KEY_UIApplicationSupportsIndirectInputEvents = YES;
				INFOPLIST_KEY_UILaunchStoryboardName = LaunchScreen;
				INFOPLIST_KEY_UISupportedInterfaceOrientations_iPad = "UIInterfaceOrientationPortrait UIInterfaceOrientationPortraitUpsideDown UIInterfaceOrientationLandscapeLeft UIInterfaceOrientationLandscapeRight";
				INFOPLIST_KEY_UISupportedInterfaceOrientations_iPhone = "UIInterfaceOrientationPortrait UIInterfaceOrientationLandscapeLeft UIInterfaceOrientationLandscapeRight";
				LD_RUNPATH_SEARCH_PATHS = (
					"$(inherited)",
					"@executable_path/Frameworks",
				);
				MARKETING_VERSION = 1.0;
				PRODUCT_BUNDLE_IDENTIFIER = EU.MyHabits;
				PRODUCT_NAME = "$(TARGET_NAME)";
				SUPPORTED_PLATFORMS = "iphoneos iphonesimulator";
				SUPPORTS_MACCATALYST = NO;
				SUPPORTS_MAC_DESIGNED_FOR_IPHONE_IPAD = NO;
				SWIFT_EMIT_LOC_STRINGS = YES;
				SWIFT_VERSION = 5.0;
				TARGETED_DEVICE_FAMILY = "1,2";
			};
			name = Debug;
		};
		1A55D65D2A0C3D470064643C /* Release */ = {
			isa = XCBuildConfiguration;
			buildSettings = {
				ASSETCATALOG_COMPILER_APPICON_NAME = AppIcon;
				ASSETCATALOG_COMPILER_GLOBAL_ACCENT_COLOR_NAME = AccentColor;
				CODE_SIGN_STYLE = Automatic;
				CURRENT_PROJECT_VERSION = 1;
				DEVELOPMENT_TEAM = WTYW4Q83YA;
				GENERATE_INFOPLIST_FILE = YES;
				INFOPLIST_FILE = MyHabits/Info.plist;
				INFOPLIST_KEY_UIApplicationSupportsIndirectInputEvents = YES;
				INFOPLIST_KEY_UILaunchStoryboardName = LaunchScreen;
				INFOPLIST_KEY_UISupportedInterfaceOrientations_iPad = "UIInterfaceOrientationPortrait UIInterfaceOrientationPortraitUpsideDown UIInterfaceOrientationLandscapeLeft UIInterfaceOrientationLandscapeRight";
				INFOPLIST_KEY_UISupportedInterfaceOrientations_iPhone = "UIInterfaceOrientationPortrait UIInterfaceOrientationLandscapeLeft UIInterfaceOrientationLandscapeRight";
				LD_RUNPATH_SEARCH_PATHS = (
					"$(inherited)",
					"@executable_path/Frameworks",
				);
				MARKETING_VERSION = 1.0;
				PRODUCT_BUNDLE_IDENTIFIER = EU.MyHabits;
				PRODUCT_NAME = "$(TARGET_NAME)";
				SUPPORTED_PLATFORMS = "iphoneos iphonesimulator";
				SUPPORTS_MACCATALYST = NO;
				SUPPORTS_MAC_DESIGNED_FOR_IPHONE_IPAD = NO;
				SWIFT_EMIT_LOC_STRINGS = YES;
				SWIFT_VERSION = 5.0;
				TARGETED_DEVICE_FAMILY = "1,2";
			};
			name = Release;
		};
/* End XCBuildConfiguration section */

/* Begin XCConfigurationList section */
		1A55D6422A0C3D460064643C /* Build configuration list for PBXProject "MyHabits" */ = {
			isa = XCConfigurationList;
			buildConfigurations = (
				1A55D6592A0C3D470064643C /* Debug */,
				1A55D65A2A0C3D470064643C /* Release */,
			);
			defaultConfigurationIsVisible = 0;
			defaultConfigurationName = Release;
		};
		1A55D65B2A0C3D470064643C /* Build configuration list for PBXNativeTarget "MyHabits" */ = {
			isa = XCConfigurationList;
			buildConfigurations = (
				1A55D65C2A0C3D470064643C /* Debug */,
				1A55D65D2A0C3D470064643C /* Release */,
			);
			defaultConfigurationIsVisible = 0;
			defaultConfigurationName = Release;
		};
/* End XCConfigurationList section */
	};
	rootObject = 1A55D63F2A0C3D460064643C /* Project object */;
}
